
Microsoft Visual Studio Solution File, Format Version 12.00
# Visual Studio Version 16
VisualStudioVersion = 16.0.32126.315
MinimumVisualStudioVersion = 10.0.40219.1
Project("{9A19103F-16F7-4668-BE54-9A1E7A4F7556}") = "Nest_Backend", "Nest_Backend\Nest_Backend.csproj", "{E718B85D-5D40-486B-8CB3-A2C398F3B7F1}"
EndProject
Global
	GlobalSection(SolutionConfigurationPlatforms) = preSolution
		Debug|Any CPU = Debug|Any CPU
		Release|Any CPU = Release|Any CPU
	EndGlobalSection
	GlobalSection(ProjectConfigurationPlatforms) = postSolution
		{E718B85D-5D40-486B-8CB3-A2C398F3B7F1}.Debug|Any CPU.ActiveCfg = Debug|Any CPU
		{E718B85D-5D40-486B-8CB3-A2C398F3B7F1}.Debug|Any CPU.Build.0 = Debug|Any CPU
		{E718B85D-5D40-486B-8CB3-A2C398F3B7F1}.Release|Any CPU.ActiveCfg = Release|Any CPU
		{E718B85D-5D40-486B-8CB3-A2C398F3B7F1}.Release|Any CPU.Build.0 = Release|Any CPU
	EndGlobalSection
	GlobalSection(SolutionProperties) = preSolution
		HideSolutionNode = FALSE
	EndGlobalSection
	GlobalSection(ExtensibilityGlobals) = postSolution
		SolutionGuid = {80F8D4F4-C853-447B-837E-503C58B97FFD}
	EndGlobalSection
EndGlobal
